
Microsoft Visual Studio Solution File, Format Version 12.00
# Visual Studio Version 16
VisualStudioVersion = 16.0.31313.79
MinimumVisualStudioVersion = 10.0.40219.1
Project("{FAE04EC0-301F-11D3-BF4B-00C04F79EFBC}") = "TestDateTime", "TestDateTime.csproj", "{7C98B633-5466-42FB-91BE-6AC885337652}"
EndProject
Global
	GlobalSection(SolutionConfigurationPlatforms) = preSolution
		Debug|Any CPU = Debug|Any CPU
		Release|Any CPU = Release|Any CPU
	EndGlobalSection
	GlobalSection(ProjectConfigurationPlatforms) = postSolution
		{7C98B633-5466-42FB-91BE-6AC885337652}.Debug|Any CPU.ActiveCfg = Debug|Any CPU
		{7C98B633-5466-42FB-91BE-6AC885337652}.Debug|Any CPU.Build.0 = Debug|Any CPU
		{7C98B633-5466-42FB-91BE-6AC885337652}.Release|Any CPU.ActiveCfg = Release|Any CPU
		{7C98B633-5466-42FB-91BE-6AC885337652}.Release|Any CPU.Build.0 = Release|Any CPU
	EndGlobalSection
	GlobalSection(SolutionProperties) = preSolution
		HideSolutionNode = FALSE
	EndGlobalSection
	GlobalSection(ExtensibilityGlobals) = postSolution
		SolutionGuid = {AE53D502-8D91-4021-BEF9-EDAA0C5FC34F}
	EndGlobalSection
EndGlobal
